
Microsoft Visual Studio Solution File, Format Version 12.00
# Visual Studio Version 16
VisualStudioVersion = 16.0.29728.190
MinimumVisualStudioVersion = 10.0.40219.1
Project("{FAE04EC0-301F-11D3-BF4B-00C04F79EFBC}") = "ConsoleApp1", "ConsoleApp1\ConsoleApp1.csproj", "{88960772-029C-4C57-9F3A-E96D6D2940F2}"
EndProject
Global
	GlobalSection(SolutionConfigurationPlatforms) = preSolution
		Debug|Any CPU = Debug|Any CPU
		Release|Any CPU = Release|Any CPU
	EndGlobalSection
	GlobalSection(ProjectConfigurationPlatforms) = postSolution
		{88960772-029C-4C57-9F3A-E96D6D2940F2}.Debug|Any CPU.ActiveCfg = Debug|Any CPU
		{88960772-029C-4C57-9F3A-E96D6D2940F2}.Debug|Any CPU.Build.0 = Debug|Any CPU
		{88960772-029C-4C57-9F3A-E96D6D2940F2}.Release|Any CPU.ActiveCfg = Release|Any CPU
		{88960772-029C-4C57-9F3A-E96D6D2940F2}.Release|Any CPU.Build.0 = Release|Any CPU
	EndGlobalSection
	GlobalSection(SolutionProperties) = preSolution
		HideSolutionNode = FALSE
	EndGlobalSection
	GlobalSection(ExtensibilityGlobals) = postSolution
		SolutionGuid = {807A19A1-71A0-443F-82D9-18967F9DB308}
	EndGlobalSection
EndGlobal
