
Microsoft Visual Studio Solution File, Format Version 12.00
# Visual Studio Version 16
VisualStudioVersion = 16.0.29728.190
MinimumVisualStudioVersion = 10.0.40219.1
Project("{FAE04EC0-301F-11D3-BF4B-00C04F79EFBC}") = "OCP", "OCP\OCP.csproj", "{70014FE4-17BB-44F6-8498-6CC77802B645}"
EndProject
Global
	GlobalSection(SolutionConfigurationPlatforms) = preSolution
		Debug|Any CPU = Debug|Any CPU
		Release|Any CPU = Release|Any CPU
	EndGlobalSection
	GlobalSection(ProjectConfigurationPlatforms) = postSolution
		{70014FE4-17BB-44F6-8498-6CC77802B645}.Debug|Any CPU.ActiveCfg = Debug|Any CPU
		{70014FE4-17BB-44F6-8498-6CC77802B645}.Debug|Any CPU.Build.0 = Debug|Any CPU
		{70014FE4-17BB-44F6-8498-6CC77802B645}.Release|Any CPU.ActiveCfg = Release|Any CPU
		{70014FE4-17BB-44F6-8498-6CC77802B645}.Release|Any CPU.Build.0 = Release|Any CPU
	EndGlobalSection
	GlobalSection(SolutionProperties) = preSolution
		HideSolutionNode = FALSE
	EndGlobalSection
	GlobalSection(ExtensibilityGlobals) = postSolution
		SolutionGuid = {1401E8D0-096D-4FE5-9947-FD3190DB4789}
	EndGlobalSection
EndGlobal
