
Microsoft Visual Studio Solution File, Format Version 12.00
# Visual Studio Version 16
VisualStudioVersion = 16.0.29728.190
MinimumVisualStudioVersion = 10.0.40219.1
Project("{FAE04EC0-301F-11D3-BF4B-00C04F79EFBC}") = "ConsoleApp1", "ConsoleApp1\ConsoleApp1.csproj", "{9A48AD1E-DB40-4B58-9226-258A78DFB3DB}"
EndProject
Global
	GlobalSection(SolutionConfigurationPlatforms) = preSolution
		Debug|Any CPU = Debug|Any CPU
		Release|Any CPU = Release|Any CPU
	EndGlobalSection
	GlobalSection(ProjectConfigurationPlatforms) = postSolution
		{9A48AD1E-DB40-4B58-9226-258A78DFB3DB}.Debug|Any CPU.ActiveCfg = Debug|Any CPU
		{9A48AD1E-DB40-4B58-9226-258A78DFB3DB}.Debug|Any CPU.Build.0 = Debug|Any CPU
		{9A48AD1E-DB40-4B58-9226-258A78DFB3DB}.Release|Any CPU.ActiveCfg = Release|Any CPU
		{9A48AD1E-DB40-4B58-9226-258A78DFB3DB}.Release|Any CPU.Build.0 = Release|Any CPU
	EndGlobalSection
	GlobalSection(SolutionProperties) = preSolution
		HideSolutionNode = FALSE
	EndGlobalSection
	GlobalSection(ExtensibilityGlobals) = postSolution
		SolutionGuid = {D9C8FD2C-2105-451C-979C-6C70C88B8230}
	EndGlobalSection
EndGlobal
